%{"certifi": {:hex, :certifi, "0.3.0"},
  "consul": {:git, "https://github.com/zolazhou/consul-ex.git", "bc299a8492f3de97700d5118bd7b56ca11f565b4", []},
  "earmark": {:hex, :earmark, "0.1.17"},
  "erlzk": {:git, "http://gitlab.widget-inc.com/huaban-core/erlzk.git", "56dd20cb9956858552f5cbd73bd2e7a93d1e3580", []},
  "ex_doc": {:hex, :ex_doc, "0.10.0"},
  "hackney": {:hex, :hackney, "1.4.6"},
  "httpoison": {:hex, :httpoison, "0.8.0"},
  "idna": {:hex, :idna, "1.0.2"},
  "mimerl": {:hex, :mimerl, "1.0.0"},
  "poison": {:hex, :poison, "1.5.0"},
  "ssl_verify_hostname": {:hex, :ssl_verify_hostname, "1.0.5"}}
