%{"certifi": {:hex, :certifi, "0.4.0"},
  "consul": {:git, "https://github.com/zolazhou/consul-ex.git", "bc299a8492f3de97700d5118bd7b56ca11f565b4", []},
  "earmark": {:hex, :earmark, "0.1.17"},
  "erlzk": {:hex, :erlzk, "0.6.1"},
  "ex_doc": {:hex, :ex_doc, "0.10.0"},
  "hackney": {:hex, :hackney, "1.5.2"},
  "httpoison": {:hex, :httpoison, "0.8.0"},
  "idna": {:hex, :idna, "1.1.0"},
  "metrics": {:hex, :metrics, "1.0.1"},
  "mimerl": {:hex, :mimerl, "1.0.2"},
  "poison": {:hex, :poison, "1.5.0"},
  "ssl_verify_hostname": {:hex, :ssl_verify_hostname, "1.0.6"}}
